
Microsoft Visual Studio Solution File, Format Version 12.00
# Visual Studio Version 17
VisualStudioVersion = 17.14.36109.1 d17.14
MinimumVisualStudioVersion = 10.0.40219.1
Project("{FAE04EC0-301F-11D3-BF4B-00C04F79EFBC}") = "TPC-ComercioRudo-CandelaP", "TPC-ComercioRudo-CandelaP.csproj", "{CE12D7E0-58D0-4CE1-A571-BC8EEE9A0133}"
EndProject
Global
	GlobalSection(SolutionConfigurationPlatforms) = preSolution
		Debug|Any CPU = Debug|Any CPU
		Release|Any CPU = Release|Any CPU
	EndGlobalSection
	GlobalSection(ProjectConfigurationPlatforms) = postSolution
		{CE12D7E0-58D0-4CE1-A571-BC8EEE9A0133}.Debug|Any CPU.ActiveCfg = Debug|Any CPU
		{CE12D7E0-58D0-4CE1-A571-BC8EEE9A0133}.Debug|Any CPU.Build.0 = Debug|Any CPU
		{CE12D7E0-58D0-4CE1-A571-BC8EEE9A0133}.Release|Any CPU.ActiveCfg = Release|Any CPU
		{CE12D7E0-58D0-4CE1-A571-BC8EEE9A0133}.Release|Any CPU.Build.0 = Release|Any CPU
	EndGlobalSection
	GlobalSection(SolutionProperties) = preSolution
		HideSolutionNode = FALSE
	EndGlobalSection
	GlobalSection(ExtensibilityGlobals) = postSolution
		SolutionGuid = {DB551302-13CD-4184-B24B-BEC656D3E078}
	EndGlobalSection
EndGlobal
